// !$*UTF8*$!
{
	archiveVersion = 1;
	classes = {
	};
	objectVersion = 46;
	objects = {

/* Begin PBXBuildFile section */
		622599451E27E14C009C5FBD /* AppDelegate.swift in Sources */ = {isa = PBXBuildFile; fileRef = 622599441E27E14C009C5FBD /* AppDelegate.swift */; };
		622599471E27E14C009C5FBD /* ViewController.swift in Sources */ = {isa = PBXBuildFile; fileRef = 622599461E27E14C009C5FBD /* ViewController.swift */; };
		6225994A1E27E14C009C5FBD /* Main.storyboard in Resources */ = {isa = PBXBuildFile; fileRef = 622599481E27E14C009C5FBD /* Main.storyboard */; };
		6225994C1E27E14C009C5FBD /* Assets.xcassets in Resources */ = {isa = PBXBuildFile; fileRef = 6225994B1E27E14C009C5FBD /* Assets.xcassets */; };
		6225994F1E27E14C009C5FBD /* LaunchScreen.storyboard in Resources */ = {isa = PBXBuildFile; fileRef = 6225994D1E27E14C009C5FBD /* LaunchScreen.storyboard */; };
/* End PBXBuildFile section */

/* Begin PBXFileReference section */
		622599411E27E14C009C5FBD /* LTMThread.app */ = {isa = PBXFileReference; explicitFileType = wrapper.application; includeInIndex = 0; path = LTMThread.app; sourceTree = BUILT_PRODUCTS_DIR; };
		622599441E27E14C009C5FBD /* AppDelegate.swift */ = {isa = PBXFileReference; lastKnownFileType = sourcecode.swift; path = AppDelegate.swift; sourceTree = "<group>"; };
		622599461E27E14C009C5FBD /* ViewController.swift */ = {isa = PBXFileReference; lastKnownFileType = sourcecode.swift; path = ViewController.swift; sourceTree = "<group>"; };
		622599491E27E14C009C5FBD /* Base */ = {isa = PBXFileReference; lastKnownFileType = file.storyboard; name = Base; path = Base.lproj/Main.storyboard; sourceTree = "<group>"; };
		6225994B1E27E14C009C5FBD /* Assets.xcassets */ = {isa = PBXFileReference; lastKnownFileType = folder.assetcatalog; path = Assets.xcassets; sourceTree = "<group>"; };
		6225994E1E27E14C009C5FBD /* Base */ = {isa = PBXFileReference; lastKnownFileType = file.storyboard; name = Base; path = Base.lproj/LaunchScreen.storyboard; sourceTree = "<group>"; };
		622599501E27E14C009C5FBD /* Info.plist */ = {isa = PBXFileReference; lastKnownFileType = text.plist.xml; path = Info.plist; sourceTree = "<group>"; };
/* End PBXFileReference section */

/* Begin PBXFrameworksBuildPhase section */
		6225993E1E27E14C009C5FBD /* Frameworks */ = {
			isa = PBXFrameworksBuildPhase;
			buildActionMask = 2147483647;
			files = (
			);
			runOnlyForDeploymentPostprocessing = 0;
		};
/* End PBXFrameworksBuildPhase section */

/* Begin PBXGroup section */
		622599381E27E14C009C5FBD = {
			isa = PBXGroup;
			children = (
				622599431E27E14C009C5FBD /* LTMThread */,
				622599421E27E14C009C5FBD /* Products */,
			);
			sourceTree = "<group>";
		};
		622599421E27E14C009C5FBD /* Products */ = {
			isa = PBXGroup;
			children = (
				622599411E27E14C009C5FBD /* LTMThread.app */,
			);
			name = Products;
			sourceTree = "<group>";
		};
		622599431E27E14C009C5FBD /* LTMThread */ = {
			isa = PBXGroup;
			children = (
				622599441E27E14C009C5FBD /* AppDelegate.swift */,
				622599461E27E14C009C5FBD /* ViewController.swift */,
				622599481E27E14C009C5FBD /* Main.storyboard */,
				6225994B1E27E14C009C5FBD /* Assets.xcassets */,
				6225994D1E27E14C009C5FBD /* LaunchScreen.storyboard */,
				622599501E27E14C009C5FBD /* Info.plist */,
			);
			path = LTMThread;
			sourceTree = "<group>";
		};
/* End PBXGroup section */

/* Begin PBXNativeTarget section */
		622599401E27E14C009C5FBD /* LTMThread */ = {
			isa = PBXNativeTarget;
			buildConfigurationList = 622599531E27E14C009C5FBD /* Build configuration list for PBXNativeTarget "LTMThread" */;
			buildPhases = (
				6225993D1E27E14C009C5FBD /* Sources */,
				6225993E1E27E14C009C5FBD /* Frameworks */,
				6225993F1E27E14C009C5FBD /* Resources */,
			);
			buildRules = (
			);
			dependencies = (
			);
			name = LTMThread;
			productName = LTMThread;
			productReference = 622599411E27E14C009C5FBD /* LTMThread.app */;
			productType = "com.apple.product-type.application";
		};
/* End PBXNativeTarget section */

/* Begin PBXProject section */
		622599391E27E14C009C5FBD /* Project object */ = {
			isa = PBXProject;
			attributes = {
				LastSwiftUpdateCheck = 0820;
				LastUpgradeCheck = 0820;
				ORGANIZATIONNAME = LTM;
				TargetAttributes = {
					622599401E27E14C009C5FBD = {
						CreatedOnToolsVersion = 8.2.1;
						DevelopmentTeam = 2BSP2EH399;
						ProvisioningStyle = Automatic;
					};
				};
			};
			buildConfigurationList = 6225993C1E27E14C009C5FBD /* Build configuration list for PBXProject "LTMThread" */;
			compatibilityVersion = "Xcode 3.2";
			developmentRegion = English;
			hasScannedForEncodings = 0;
			knownRegions = (
				en,
				Base,
			);
			mainGroup = 622599381E27E14C009C5FBD;
			productRefGroup = 622599421E27E14C009C5FBD /* Products */;
			projectDirPath = "";
			projectRoot = "";
			targets = (
				622599401E27E14C009C5FBD /* LTMThread */,
			);
		};
/* End PBXProject section */

/* Begin PBXResourcesBuildPhase section */
		6225993F1E27E14C009C5FBD /* Resources */ = {
			isa = PBXResourcesBuildPhase;
			buildActionMask = 2147483647;
			files = (
				6225994F1E27E14C009C5FBD /* LaunchScreen.storyboard in Resources */,
				6225994C1E27E14C009C5FBD /* Assets.xcassets in Resources */,
				6225994A1E27E14C009C5FBD /* Main.storyboard in Resources */,
			);
			runOnlyForDeploymentPostprocessing = 0;
		};
/* End PBXResourcesBuildPhase section */

/* Begin PBXSourcesBuildPhase section */
		6225993D1E27E14C009C5FBD /* Sources */ = {
			isa = PBXSourcesBuildPhase;
			buildActionMask = 2147483647;
			files = (
				622599471E27E14C009C5FBD /* ViewController.swift in Sources */,
				622599451E27E14C009C5FBD /* AppDelegate.swift in Sources */,
			);
			runOnlyForDeploymentPostprocessing = 0;
		};
/* End PBXSourcesBuildPhase section */

/* Begin PBXVariantGroup section */
		622599481E27E14C009C5FBD /* Main.storyboard */ = {
			isa = PBXVariantGroup;
			children = (
				622599491E27E14C009C5FBD /* Base */,
			);
			name = Main.storyboard;
			sourceTree = "<group>";
		};
		6225994D1E27E14C009C5FBD /* LaunchScreen.storyboard */ = {
			isa = PBXVariantGroup;
			children = (
				6225994E1E27E14C009C5FBD /* Base */,
			);
			name = LaunchScreen.storyboard;
			sourceTree = "<group>";
		};
/* End PBXVariantGroup section */

/* Begin XCBuildConfiguration section */
		622599511E27E14C009C5FBD /* Debug */ = {
			isa = XCBuildConfiguration;
			buildSettings = {
				ALWAYS_SEARCH_USER_PATHS = NO;
				CLANG_ANALYZER_NONNULL = YES;
				CLANG_CXX_LANGUAGE_STANDARD = "gnu++0x";
				CLANG_CXX_LIBRARY = "libc++";
				CLANG_ENABLE_MODULES = YES;
				CLANG_ENABLE_OBJC_ARC = YES;
				CLANG_WARN_BOOL_CONVERSION = YES;
				CLANG_WARN_CONSTANT_CONVERSION = YES;
				CLANG_WARN_DIRECT_OBJC_ISA_USAGE = YES_ERROR;
				CLANG_WARN_DOCUMENTATION_COMMENTS = YES;
				CLANG_WARN_EMPTY_BODY = YES;
				CLANG_WARN_ENUM_CONVERSION = YES;
				CLANG_WARN_INFINITE_RECURSION = YES;
				CLANG_WARN_INT_CONVERSION = YES;
				CLANG_WARN_OBJC_ROOT_CLASS = YES_ERROR;
				CLANG_WARN_SUSPICIOUS_MOVE = YES;
				CLANG_WARN_UNREACHABLE_CODE = YES;
				CLANG_WARN__DUPLICATE_METHOD_MATCH = YES;
				"CODE_SIGN_IDENTITY[sdk=iphoneos*]" = "iPhone Developer";
				COPY_PHASE_STRIP = NO;
				DEBUG_INFORMATION_FORMAT = dwarf;
				ENABLE_STRICT_OBJC_MSGSEND = YES;
				ENABLE_TESTABILITY = YES;
				GCC_C_LANGUAGE_STANDARD = gnu99;
				GCC_DYNAMIC_NO_PIC = NO;
				GCC_NO_COMMON_BLOCKS = YES;
				GCC_OPTIMIZATION_LEVEL = 0;
				GCC_PREPROCESSOR_DEFINITIONS = (
					"DEBUG=1",
					"$(inherited)",
				);
				GCC_WARN_64_TO_32_BIT_CONVERSION = YES;
				GCC_WARN_ABOUT_RETURN_TYPE = YES_ERROR;
				GCC_WARN_UNDECLARED_SELECTOR = YES;
				GCC_WARN_UNINITIALIZED_AUTOS = YES_AGGRESSIVE;
				GCC_WARN_UNUSED_FUNCTION = YES;
				GCC_WARN_UNUSED_VARIABLE = YES;
				IPHONEOS_DEPLOYMENT_TARGET = 10.2;
				MTL_ENABLE_DEBUG_INFO = YES;
				ONLY_ACTIVE_ARCH = YES;
				SDKROOT = iphoneos;
				SWIFT_ACTIVE_COMPILATION_CONDITIONS = DEBUG;
				SWIFT_OPTIMIZATION_LEVEL = "-Onone";
			};
			name = Debug;
		};
		622599521E27E14C009C5FBD /* Release */ = {
			isa = XCBuildConfiguration;
			buildSettings = {
				ALWAYS_SEARCH_USER_PATHS = NO;
				CLANG_ANALYZER_NONNULL = YES;
				CLANG_CXX_LANGUAGE_STANDARD = "gnu++0x";
				CLANG_CXX_LIBRARY = "libc++";
				CLANG_ENABLE_MODULES = YES;
				CLANG_ENABLE_OBJC_ARC = YES;
				CLANG_WARN_BOOL_CONVERSION = YES;
				CLANG_WARN_CONSTANT_CONVERSION = YES;
				CLANG_WARN_DIRECT_OBJC_ISA_USAGE = YES_ERROR;
				CLANG_WARN_DOCUMENTATION_COMMENTS = YES;
				CLANG_WARN_EMPTY_BODY = YES;
				CLANG_WARN_ENUM_CONVERSION = YES;
				CLANG_WARN_INFINITE_RECURSION = YES;
				CLANG_WARN_INT_CONVERSION = YES;
				CLANG_WARN_OBJC_ROOT_CLASS = YES_ERROR;
				CLANG_WARN_SUSPICIOUS_MOVE = YES;
				CLANG_WARN_UNREACHABLE_CODE = YES;
				CLANG_WARN__DUPLICATE_METHOD_MATCH = YES;
				"CODE_SIGN_IDENTITY[sdk=iphoneos*]" = "iPhone Developer";
				COPY_PHASE_STRIP = NO;
				DEBUG_INFORMATION_FORMAT = "dwarf-with-dsym";
				ENABLE_NS_ASSERTIONS = NO;
				ENABLE_STRICT_OBJC_MSGSEND = YES;
				GCC_C_LANGUAGE_STANDARD = gnu99;
				GCC_NO_COMMON_BLOCKS = YES;
				GCC_WARN_64_TO_32_BIT_CONVERSION = YES;
				GCC_WARN_ABOUT_RETURN_TYPE = YES_ERROR;
				GCC_WARN_UNDECLARED_SELECTOR = YES;
				GCC_WARN_UNINITIALIZED_AUTOS = YES_AGGRESSIVE;
				GCC_WARN_UNUSED_FUNCTION = YES;
				GCC_WARN_UNUSED_VARIABLE = YES;
				IPHONEOS_DEPLOYMENT_TARGET = 10.2;
				MTL_ENABLE_DEBUG_INFO = NO;
				SDKROOT = iphoneos;
				SWIFT_OPTIMIZATION_LEVEL = "-Owholemodule";
				VALIDATE_PRODUCT = YES;
			};
			name = Release;
		};
		622599541E27E14C009C5FBD /* Debug */ = {
			isa = XCBuildConfiguration;
			buildSettings = {
				ASSETCATALOG_COMPILER_APPICON_NAME = AppIcon;
				DEVELOPMENT_TEAM = 2BSP2EH399;
				INFOPLIST_FILE = LTMThread/Info.plist;
				LD_RUNPATH_SEARCH_PATHS = "$(inherited) @executable_path/Frameworks";
				PRODUCT_BUNDLE_IDENTIFIER = com.ltm.training.LTMThread;
				PRODUCT_NAME = "$(TARGET_NAME)";
				SWIFT_VERSION = 3.0;
			};
			name = Debug;
		};
		622599551E27E14C009C5FBD /* Release */ = {
			isa = XCBuildConfiguration;
			buildSettings = {
				ASSETCATALOG_COMPILER_APPICON_NAME = AppIcon;
				DEVELOPMENT_TEAM = 2BSP2EH399;
				INFOPLIST_FILE = LTMThread/Info.plist;
				LD_RUNPATH_SEARCH_PATHS = "$(inherited) @executable_path/Frameworks";
				PRODUCT_BUNDLE_IDENTIFIER = com.ltm.training.LTMThread;
				PRODUCT_NAME = "$(TARGET_NAME)";
				SWIFT_VERSION = 3.0;
			};
			name = Release;
		};
/* End XCBuildConfiguration section */

/* Begin XCConfigurationList section */
		6225993C1E27E14C009C5FBD /* Build configuration list for PBXProject "LTMThread" */ = {
			isa = XCConfigurationList;
			buildConfigurations = (
				622599511E27E14C009C5FBD /* Debug */,
				622599521E27E14C009C5FBD /* Release */,
			);
			defaultConfigurationIsVisible = 0;
			defaultConfigurationName = Release;
		};
		622599531E27E14C009C5FBD /* Build configuration list for PBXNativeTarget "LTMThread" */ = {
			isa = XCConfigurationList;
			buildConfigurations = (
				622599541E27E14C009C5FBD /* Debug */,
				622599551E27E14C009C5FBD /* Release */,
			);
			defaultConfigurationIsVisible = 0;
		};
/* End XCConfigurationList section */
	};
	rootObject = 622599391E27E14C009C5FBD /* Project object */;
}
